
Microsoft Visual Studio Solution File, Format Version 12.00
# Visual Studio Version 16
VisualStudioVersion = 16.0.31727.386
MinimumVisualStudioVersion = 10.0.40219.1
Project("{8BC9CEB8-8B4A-11D0-8D11-00A0C91BC942}") = "module 4 assignment group 5", "module 4 assignment group 5\module 4 assignment group 5.vcxproj", "{765B95D1-4617-4835-825D-D6AEFDC6BCBE}"
EndProject
Global
	GlobalSection(SolutionConfigurationPlatforms) = preSolution
		Debug|x64 = Debug|x64
		Debug|x86 = Debug|x86
		Release|x64 = Release|x64
		Release|x86 = Release|x86
	EndGlobalSection
	GlobalSection(ProjectConfigurationPlatforms) = postSolution
		{765B95D1-4617-4835-825D-D6AEFDC6BCBE}.Debug|x64.ActiveCfg = Debug|x64
		{765B95D1-4617-4835-825D-D6AEFDC6BCBE}.Debug|x64.Build.0 = Debug|x64
		{765B95D1-4617-4835-825D-D6AEFDC6BCBE}.Debug|x86.ActiveCfg = Debug|Win32
		{765B95D1-4617-4835-825D-D6AEFDC6BCBE}.Debug|x86.Build.0 = Debug|Win32
		{765B95D1-4617-4835-825D-D6AEFDC6BCBE}.Release|x64.ActiveCfg = Release|x64
		{765B95D1-4617-4835-825D-D6AEFDC6BCBE}.Release|x64.Build.0 = Release|x64
		{765B95D1-4617-4835-825D-D6AEFDC6BCBE}.Release|x86.ActiveCfg = Release|Win32
		{765B95D1-4617-4835-825D-D6AEFDC6BCBE}.Release|x86.Build.0 = Release|Win32
	EndGlobalSection
	GlobalSection(SolutionProperties) = preSolution
		HideSolutionNode = FALSE
	EndGlobalSection
	GlobalSection(ExtensibilityGlobals) = postSolution
		SolutionGuid = {82527248-EC8C-4954-811C-E4D776B787A6}
	EndGlobalSection
EndGlobal
